
Microsoft Visual Studio Solution File, Format Version 12.00
# Visual Studio Version 17
VisualStudioVersion = 17.12.35527.113
MinimumVisualStudioVersion = 10.0.40219.1
Project("{FAE04EC0-301F-11D3-BF4B-00C04F79EFBC}") = "ChatClient", "Chat\ChatClient.csproj", "{FC800212-BCBA-49E5-B4C6-25E96E582CC7}"
EndProject
Project("{FAE04EC0-301F-11D3-BF4B-00C04F79EFBC}") = "ChatServer", "ChatServer\ChatServer.csproj", "{EA7254AC-AB99-419B-B91B-0CB22A67267D}"
	ProjectSection(ProjectDependencies) = postProject
		{FC800212-BCBA-49E5-B4C6-25E96E582CC7} = {FC800212-BCBA-49E5-B4C6-25E96E582CC7}
	EndProjectSection
EndProject
Global
	GlobalSection(SolutionConfigurationPlatforms) = preSolution
		Debug|Any CPU = Debug|Any CPU
		Release|Any CPU = Release|Any CPU
	EndGlobalSection
	GlobalSection(ProjectConfigurationPlatforms) = postSolution
		{FC800212-BCBA-49E5-B4C6-25E96E582CC7}.Debug|Any CPU.ActiveCfg = Debug|Any CPU
		{FC800212-BCBA-49E5-B4C6-25E96E582CC7}.Debug|Any CPU.Build.0 = Debug|Any CPU
		{FC800212-BCBA-49E5-B4C6-25E96E582CC7}.Release|Any CPU.ActiveCfg = Release|Any CPU
		{FC800212-BCBA-49E5-B4C6-25E96E582CC7}.Release|Any CPU.Build.0 = Release|Any CPU
		{EA7254AC-AB99-419B-B91B-0CB22A67267D}.Debug|Any CPU.ActiveCfg = Debug|Any CPU
		{EA7254AC-AB99-419B-B91B-0CB22A67267D}.Debug|Any CPU.Build.0 = Debug|Any CPU
		{EA7254AC-AB99-419B-B91B-0CB22A67267D}.Release|Any CPU.ActiveCfg = Release|Any CPU
		{EA7254AC-AB99-419B-B91B-0CB22A67267D}.Release|Any CPU.Build.0 = Release|Any CPU
	EndGlobalSection
	GlobalSection(SolutionProperties) = preSolution
		HideSolutionNode = FALSE
	EndGlobalSection
EndGlobal
